
Microsoft Visual Studio Solution File, Format Version 12.00
Project("{FAE04EC0-301F-11D3-BF4B-00C04F79EFBC}") = "WebApp", "WebApp\WebApp.csproj", "{DA8DE361-3E94-4F28-A4B3-58623D21352A}"
EndProject
Project("{FAE04EC0-301F-11D3-BF4B-00C04F79EFBC}") = "RazorUIClassLib", "RazorUIClassLib\RazorUIClassLib.csproj", "{57F1D668-2994-4827-975D-17EFB2CB165B}"
EndProject
Global
	GlobalSection(SolutionConfigurationPlatforms) = preSolution
		Debug|Any CPU = Debug|Any CPU
		Release|Any CPU = Release|Any CPU
	EndGlobalSection
	GlobalSection(ProjectConfigurationPlatforms) = postSolution
		{DA8DE361-3E94-4F28-A4B3-58623D21352A}.Debug|Any CPU.ActiveCfg = Debug|Any CPU
		{DA8DE361-3E94-4F28-A4B3-58623D21352A}.Debug|Any CPU.Build.0 = Debug|Any CPU
		{DA8DE361-3E94-4F28-A4B3-58623D21352A}.Release|Any CPU.ActiveCfg = Release|Any CPU
		{DA8DE361-3E94-4F28-A4B3-58623D21352A}.Release|Any CPU.Build.0 = Release|Any CPU
		{57F1D668-2994-4827-975D-17EFB2CB165B}.Debug|Any CPU.ActiveCfg = Debug|Any CPU
		{57F1D668-2994-4827-975D-17EFB2CB165B}.Debug|Any CPU.Build.0 = Debug|Any CPU
		{57F1D668-2994-4827-975D-17EFB2CB165B}.Release|Any CPU.ActiveCfg = Release|Any CPU
		{57F1D668-2994-4827-975D-17EFB2CB165B}.Release|Any CPU.Build.0 = Release|Any CPU
	EndGlobalSection
EndGlobal
